
Microsoft Visual Studio Solution File, Format Version 12.00
# Visual Studio Version 17
VisualStudioVersion = 17.12.35209.166
MinimumVisualStudioVersion = 10.0.40219.1
Project("{9A19103F-16F7-4668-BE54-9A1E7A4F7556}") = "WorkspaceLib", "WorkspaceLib\WorkspaceLib.csproj", "{C462AEC9-E003-4C63-BB54-A468F6DBA2FD}"
EndProject
Project("{9A19103F-16F7-4668-BE54-9A1E7A4F7556}") = "OpcUaLib", "OpcUaLib\OpcUaLib.csproj", "{E497D5F9-F29A-4CC4-9E6C-F691A705C53E}"
EndProject
Project("{9A19103F-16F7-4668-BE54-9A1E7A4F7556}") = "RoslynLib", "RoslynLib\RoslynLib.csproj", "{45C9093D-A133-4249-BEE8-EB3ECBCECC5B}"
EndProject
Project("{2150E333-8FDC-42A3-9474-1A3956D46DE8}") = "Libraries", "Libraries", "{8FAF7338-8C17-4299-AA06-7CE1654E7991}"
EndProject
Project("{FAE04EC0-301F-11D3-BF4B-00C04F79EFBC}") = "BlocklyLib", "BlocklyLib\BlocklyLib.csproj", "{1DB22853-52F0-47AD-835C-F35D8B8E2F5A}"
EndProject
Project("{FAE04EC0-301F-11D3-BF4B-00C04F79EFBC}") = "CertGen", "CertGen\CertGen.csproj", "{9422E6C9-44CD-AD4D-3180-F83227BFA4CC}"
EndProject
Project("{2150E333-8FDC-42A3-9474-1A3956D46DE8}") = "Tools", "Tools", "{02EA681E-C7D8-13C7-8484-4AC65E1B71E8}"
EndProject
Project("{2150E333-8FDC-42A3-9474-1A3956D46DE8}") = "Apps", "Apps", "{9D1D3EC0-185A-4AFD-8251-A8AD5E61E6C5}"
EndProject
Project("{FAE04EC0-301F-11D3-BF4B-00C04F79EFBC}") = "MqttLib", "MqttLib\MqttLib.csproj", "{B421ED23-5BC9-4D8F-8575-ABB938AB00B4}"
EndProject
Project("{FAE04EC0-301F-11D3-BF4B-00C04F79EFBC}") = "FlowLib", "FlowLib\FlowLib.csproj", "{C9451BDF-8F28-2013-6929-250C5C924321}"
EndProject
Project("{FAE04EC0-301F-11D3-BF4B-00C04F79EFBC}") = "ConsoleApp1", "ConsoleApp1\ConsoleApp1.csproj", "{C7A88C25-2FD0-406E-94F2-B23319542FEE}"
EndProject
Project("{FAE04EC0-301F-11D3-BF4B-00C04F79EFBC}") = "FlowLib.Abstractions", "FlowLib.Abstractions\FlowLib.Abstractions.csproj", "{D9EF3FC0-75F8-4D98-B38D-9B019D7A2628}"
EndProject
Project("{2150E333-8FDC-42A3-9474-1A3956D46DE8}") = "Flow", "Flow", "{FFE4087A-FCEF-4CEB-8EC7-D3D73DF4D4E0}"
EndProject
Project("{FAE04EC0-301F-11D3-BF4B-00C04F79EFBC}") = "TheIoTThingsApp", "TheIoTThingsApp\TheIoTThingsApp.csproj", "{8079F0EF-0311-4799-653D-47CE46D8E3E9}"
EndProject
Project("{FAE04EC0-301F-11D3-BF4B-00C04F79EFBC}") = "FlowUILib", "FlowUILib\FlowUILib.csproj", "{E9325DAE-B67C-EFA6-09DC-9485ADED84CF}"
EndProject
Global
	GlobalSection(SolutionConfigurationPlatforms) = preSolution
		Debug|Any CPU = Debug|Any CPU
		Release|Any CPU = Release|Any CPU
	EndGlobalSection
	GlobalSection(ProjectConfigurationPlatforms) = postSolution
		{C462AEC9-E003-4C63-BB54-A468F6DBA2FD}.Debug|Any CPU.ActiveCfg = Debug|Any CPU
		{C462AEC9-E003-4C63-BB54-A468F6DBA2FD}.Debug|Any CPU.Build.0 = Debug|Any CPU
		{C462AEC9-E003-4C63-BB54-A468F6DBA2FD}.Release|Any CPU.ActiveCfg = Release|Any CPU
		{C462AEC9-E003-4C63-BB54-A468F6DBA2FD}.Release|Any CPU.Build.0 = Release|Any CPU
		{E497D5F9-F29A-4CC4-9E6C-F691A705C53E}.Debug|Any CPU.ActiveCfg = Debug|Any CPU
		{E497D5F9-F29A-4CC4-9E6C-F691A705C53E}.Debug|Any CPU.Build.0 = Debug|Any CPU
		{E497D5F9-F29A-4CC4-9E6C-F691A705C53E}.Release|Any CPU.ActiveCfg = Release|Any CPU
		{E497D5F9-F29A-4CC4-9E6C-F691A705C53E}.Release|Any CPU.Build.0 = Release|Any CPU
		{45C9093D-A133-4249-BEE8-EB3ECBCECC5B}.Debug|Any CPU.ActiveCfg = Debug|Any CPU
		{45C9093D-A133-4249-BEE8-EB3ECBCECC5B}.Debug|Any CPU.Build.0 = Debug|Any CPU
		{45C9093D-A133-4249-BEE8-EB3ECBCECC5B}.Release|Any CPU.ActiveCfg = Release|Any CPU
		{45C9093D-A133-4249-BEE8-EB3ECBCECC5B}.Release|Any CPU.Build.0 = Release|Any CPU
		{1DB22853-52F0-47AD-835C-F35D8B8E2F5A}.Debug|Any CPU.ActiveCfg = Debug|Any CPU
		{1DB22853-52F0-47AD-835C-F35D8B8E2F5A}.Debug|Any CPU.Build.0 = Debug|Any CPU
		{1DB22853-52F0-47AD-835C-F35D8B8E2F5A}.Release|Any CPU.ActiveCfg = Release|Any CPU
		{1DB22853-52F0-47AD-835C-F35D8B8E2F5A}.Release|Any CPU.Build.0 = Release|Any CPU
		{9422E6C9-44CD-AD4D-3180-F83227BFA4CC}.Debug|Any CPU.ActiveCfg = Debug|Any CPU
		{9422E6C9-44CD-AD4D-3180-F83227BFA4CC}.Debug|Any CPU.Build.0 = Debug|Any CPU
		{9422E6C9-44CD-AD4D-3180-F83227BFA4CC}.Release|Any CPU.ActiveCfg = Release|Any CPU
		{9422E6C9-44CD-AD4D-3180-F83227BFA4CC}.Release|Any CPU.Build.0 = Release|Any CPU
		{B421ED23-5BC9-4D8F-8575-ABB938AB00B4}.Debug|Any CPU.ActiveCfg = Debug|Any CPU
		{B421ED23-5BC9-4D8F-8575-ABB938AB00B4}.Debug|Any CPU.Build.0 = Debug|Any CPU
		{B421ED23-5BC9-4D8F-8575-ABB938AB00B4}.Release|Any CPU.ActiveCfg = Release|Any CPU
		{B421ED23-5BC9-4D8F-8575-ABB938AB00B4}.Release|Any CPU.Build.0 = Release|Any CPU
		{C9451BDF-8F28-2013-6929-250C5C924321}.Debug|Any CPU.ActiveCfg = Debug|Any CPU
		{C9451BDF-8F28-2013-6929-250C5C924321}.Debug|Any CPU.Build.0 = Debug|Any CPU
		{C9451BDF-8F28-2013-6929-250C5C924321}.Release|Any CPU.ActiveCfg = Release|Any CPU
		{C9451BDF-8F28-2013-6929-250C5C924321}.Release|Any CPU.Build.0 = Release|Any CPU
		{C7A88C25-2FD0-406E-94F2-B23319542FEE}.Debug|Any CPU.ActiveCfg = Debug|Any CPU
		{C7A88C25-2FD0-406E-94F2-B23319542FEE}.Debug|Any CPU.Build.0 = Debug|Any CPU
		{C7A88C25-2FD0-406E-94F2-B23319542FEE}.Release|Any CPU.ActiveCfg = Release|Any CPU
		{C7A88C25-2FD0-406E-94F2-B23319542FEE}.Release|Any CPU.Build.0 = Release|Any CPU
		{D9EF3FC0-75F8-4D98-B38D-9B019D7A2628}.Debug|Any CPU.ActiveCfg = Debug|Any CPU
		{D9EF3FC0-75F8-4D98-B38D-9B019D7A2628}.Debug|Any CPU.Build.0 = Debug|Any CPU
		{D9EF3FC0-75F8-4D98-B38D-9B019D7A2628}.Release|Any CPU.ActiveCfg = Release|Any CPU
		{D9EF3FC0-75F8-4D98-B38D-9B019D7A2628}.Release|Any CPU.Build.0 = Release|Any CPU
		{8079F0EF-0311-4799-653D-47CE46D8E3E9}.Debug|Any CPU.ActiveCfg = Debug|Any CPU
		{8079F0EF-0311-4799-653D-47CE46D8E3E9}.Debug|Any CPU.Build.0 = Debug|Any CPU
		{8079F0EF-0311-4799-653D-47CE46D8E3E9}.Release|Any CPU.ActiveCfg = Release|Any CPU
		{8079F0EF-0311-4799-653D-47CE46D8E3E9}.Release|Any CPU.Build.0 = Release|Any CPU
		{E9325DAE-B67C-EFA6-09DC-9485ADED84CF}.Debug|Any CPU.ActiveCfg = Debug|Any CPU
		{E9325DAE-B67C-EFA6-09DC-9485ADED84CF}.Debug|Any CPU.Build.0 = Debug|Any CPU
		{E9325DAE-B67C-EFA6-09DC-9485ADED84CF}.Release|Any CPU.ActiveCfg = Release|Any CPU
		{E9325DAE-B67C-EFA6-09DC-9485ADED84CF}.Release|Any CPU.Build.0 = Release|Any CPU
	EndGlobalSection
	GlobalSection(SolutionProperties) = preSolution
		HideSolutionNode = FALSE
	EndGlobalSection
	GlobalSection(NestedProjects) = preSolution
		{C462AEC9-E003-4C63-BB54-A468F6DBA2FD} = {8FAF7338-8C17-4299-AA06-7CE1654E7991}
		{E497D5F9-F29A-4CC4-9E6C-F691A705C53E} = {8FAF7338-8C17-4299-AA06-7CE1654E7991}
		{45C9093D-A133-4249-BEE8-EB3ECBCECC5B} = {8FAF7338-8C17-4299-AA06-7CE1654E7991}
		{1DB22853-52F0-47AD-835C-F35D8B8E2F5A} = {8FAF7338-8C17-4299-AA06-7CE1654E7991}
		{9422E6C9-44CD-AD4D-3180-F83227BFA4CC} = {02EA681E-C7D8-13C7-8484-4AC65E1B71E8}
		{B421ED23-5BC9-4D8F-8575-ABB938AB00B4} = {8FAF7338-8C17-4299-AA06-7CE1654E7991}
		{C9451BDF-8F28-2013-6929-250C5C924321} = {FFE4087A-FCEF-4CEB-8EC7-D3D73DF4D4E0}
		{C7A88C25-2FD0-406E-94F2-B23319542FEE} = {9D1D3EC0-185A-4AFD-8251-A8AD5E61E6C5}
		{D9EF3FC0-75F8-4D98-B38D-9B019D7A2628} = {FFE4087A-FCEF-4CEB-8EC7-D3D73DF4D4E0}
		{8079F0EF-0311-4799-653D-47CE46D8E3E9} = {9D1D3EC0-185A-4AFD-8251-A8AD5E61E6C5}
		{E9325DAE-B67C-EFA6-09DC-9485ADED84CF} = {FFE4087A-FCEF-4CEB-8EC7-D3D73DF4D4E0}
	EndGlobalSection
	GlobalSection(ExtensibilityGlobals) = postSolution
		SolutionGuid = {D2EB1082-5767-4E37-9FA5-5D31B57EC2F9}
	EndGlobalSection
EndGlobal
