
Microsoft Visual Studio Solution File, Format Version 12.00
# Visual Studio Version 18
VisualStudioVersion = 18.0.10828.68
MinimumVisualStudioVersion = 10.0.40219.1
Project("{2150E333-8FDC-42A3-9474-1A3956D46DE8}") = "Apps", "Apps", "{9D1D3EC0-185A-4AFD-8251-A8AD5E61E6C5}"
EndProject
Project("{FAE04EC0-301F-11D3-BF4B-00C04F79EFBC}") = "TheFlowThing", "TheFlowThing\TheFlowThing.csproj", "{C9451BDF-8F28-2013-6929-250C5C924321}"
EndProject
Project("{FAE04EC0-301F-11D3-BF4B-00C04F79EFBC}") = "TheIoTThing", "TheIoTThing\TheIoTThing.csproj", "{C7A88C25-2FD0-406E-94F2-B23319542FEE}"
EndProject
Project("{FAE04EC0-301F-11D3-BF4B-00C04F79EFBC}") = "TheFlowThing.Abstractions", "TheFlowThing.Abstractions\TheFlowThing.Abstractions.csproj", "{D9EF3FC0-75F8-4D98-B38D-9B019D7A2628}"
EndProject
Project("{2150E333-8FDC-42A3-9474-1A3956D46DE8}") = "Flow", "Flow", "{FFE4087A-FCEF-4CEB-8EC7-D3D73DF4D4E0}"
EndProject
Project("{FAE04EC0-301F-11D3-BF4B-00C04F79EFBC}") = "TheIoTThingsApp", "TheIoTThingsApp\TheIoTThingsApp.csproj", "{8079F0EF-0311-4799-653D-47CE46D8E3E9}"
EndProject
Project("{FAE04EC0-301F-11D3-BF4B-00C04F79EFBC}") = "FlowUILib", "FlowUILib\FlowUILib.csproj", "{E9325DAE-B67C-EFA6-09DC-9485ADED84CF}"
EndProject
Project("{FAE04EC0-301F-11D3-BF4B-00C04F79EFBC}") = "TheIoTThing.Abstractions", "TheIoTThing.Abstractions\TheIoTThing.Abstractions.csproj", "{A1B2C3D4-0001-4000-8000-000000000001}"
EndProject
Project("{FAE04EC0-301F-11D3-BF4B-00C04F79EFBC}") = "TheCounterThing", "TheCounterThing\TheCounterThing.csproj", "{A1B2C3D4-0002-4000-8000-000000000002}"
EndProject
Project("{FAE04EC0-301F-11D3-BF4B-00C04F79EFBC}") = "TheFlowThing.Plugin", "TheFlowThing.Plugin\TheFlowThing.Plugin.csproj", "{A1B2C3D4-0003-4000-8000-000000000003}"
EndProject
Global
	GlobalSection(SolutionConfigurationPlatforms) = preSolution
		Debug|Any CPU = Debug|Any CPU
		Release|Any CPU = Release|Any CPU
	EndGlobalSection
	GlobalSection(ProjectConfigurationPlatforms) = postSolution
		{C9451BDF-8F28-2013-6929-250C5C924321}.Debug|Any CPU.ActiveCfg = Debug|Any CPU
		{C9451BDF-8F28-2013-6929-250C5C924321}.Debug|Any CPU.Build.0 = Debug|Any CPU
		{C9451BDF-8F28-2013-6929-250C5C924321}.Release|Any CPU.ActiveCfg = Release|Any CPU
		{C9451BDF-8F28-2013-6929-250C5C924321}.Release|Any CPU.Build.0 = Release|Any CPU
		{C7A88C25-2FD0-406E-94F2-B23319542FEE}.Debug|Any CPU.ActiveCfg = Debug|Any CPU
		{C7A88C25-2FD0-406E-94F2-B23319542FEE}.Debug|Any CPU.Build.0 = Debug|Any CPU
		{C7A88C25-2FD0-406E-94F2-B23319542FEE}.Release|Any CPU.ActiveCfg = Release|Any CPU
		{C7A88C25-2FD0-406E-94F2-B23319542FEE}.Release|Any CPU.Build.0 = Release|Any CPU
		{D9EF3FC0-75F8-4D98-B38D-9B019D7A2628}.Debug|Any CPU.ActiveCfg = Debug|Any CPU
		{D9EF3FC0-75F8-4D98-B38D-9B019D7A2628}.Debug|Any CPU.Build.0 = Debug|Any CPU
		{D9EF3FC0-75F8-4D98-B38D-9B019D7A2628}.Release|Any CPU.ActiveCfg = Release|Any CPU
		{D9EF3FC0-75F8-4D98-B38D-9B019D7A2628}.Release|Any CPU.Build.0 = Release|Any CPU
		{8079F0EF-0311-4799-653D-47CE46D8E3E9}.Debug|Any CPU.ActiveCfg = Debug|Any CPU
		{8079F0EF-0311-4799-653D-47CE46D8E3E9}.Debug|Any CPU.Build.0 = Debug|Any CPU
		{8079F0EF-0311-4799-653D-47CE46D8E3E9}.Release|Any CPU.ActiveCfg = Release|Any CPU
		{8079F0EF-0311-4799-653D-47CE46D8E3E9}.Release|Any CPU.Build.0 = Release|Any CPU
		{E9325DAE-B67C-EFA6-09DC-9485ADED84CF}.Debug|Any CPU.ActiveCfg = Debug|Any CPU
		{E9325DAE-B67C-EFA6-09DC-9485ADED84CF}.Debug|Any CPU.Build.0 = Debug|Any CPU
		{E9325DAE-B67C-EFA6-09DC-9485ADED84CF}.Release|Any CPU.ActiveCfg = Release|Any CPU
		{E9325DAE-B67C-EFA6-09DC-9485ADED84CF}.Release|Any CPU.Build.0 = Release|Any CPU
		{A1B2C3D4-0001-4000-8000-000000000001}.Debug|Any CPU.ActiveCfg = Debug|Any CPU
		{A1B2C3D4-0001-4000-8000-000000000001}.Debug|Any CPU.Build.0 = Debug|Any CPU
		{A1B2C3D4-0001-4000-8000-000000000001}.Release|Any CPU.ActiveCfg = Release|Any CPU
		{A1B2C3D4-0001-4000-8000-000000000001}.Release|Any CPU.Build.0 = Release|Any CPU
		{A1B2C3D4-0002-4000-8000-000000000002}.Debug|Any CPU.ActiveCfg = Debug|Any CPU
		{A1B2C3D4-0002-4000-8000-000000000002}.Debug|Any CPU.Build.0 = Debug|Any CPU
		{A1B2C3D4-0002-4000-8000-000000000002}.Release|Any CPU.ActiveCfg = Release|Any CPU
		{A1B2C3D4-0002-4000-8000-000000000002}.Release|Any CPU.Build.0 = Release|Any CPU
		{A1B2C3D4-0003-4000-8000-000000000003}.Debug|Any CPU.ActiveCfg = Debug|Any CPU
		{A1B2C3D4-0003-4000-8000-000000000003}.Debug|Any CPU.Build.0 = Debug|Any CPU
		{A1B2C3D4-0003-4000-8000-000000000003}.Release|Any CPU.ActiveCfg = Release|Any CPU
		{A1B2C3D4-0003-4000-8000-000000000003}.Release|Any CPU.Build.0 = Release|Any CPU
	EndGlobalSection
	GlobalSection(SolutionProperties) = preSolution
		HideSolutionNode = FALSE
	EndGlobalSection
	GlobalSection(NestedProjects) = preSolution
		{C9451BDF-8F28-2013-6929-250C5C924321} = {FFE4087A-FCEF-4CEB-8EC7-D3D73DF4D4E0}
		{C7A88C25-2FD0-406E-94F2-B23319542FEE} = {9D1D3EC0-185A-4AFD-8251-A8AD5E61E6C5}
		{D9EF3FC0-75F8-4D98-B38D-9B019D7A2628} = {FFE4087A-FCEF-4CEB-8EC7-D3D73DF4D4E0}
		{8079F0EF-0311-4799-653D-47CE46D8E3E9} = {9D1D3EC0-185A-4AFD-8251-A8AD5E61E6C5}
		{E9325DAE-B67C-EFA6-09DC-9485ADED84CF} = {FFE4087A-FCEF-4CEB-8EC7-D3D73DF4D4E0}
		{A1B2C3D4-0003-4000-8000-000000000003} = {FFE4087A-FCEF-4CEB-8EC7-D3D73DF4D4E0}
	EndGlobalSection
	GlobalSection(ExtensibilityGlobals) = postSolution
		SolutionGuid = {D2EB1082-5767-4E37-9FA5-5D31B57EC2F9}
	EndGlobalSection
EndGlobal
